<?xml version="1.0" encoding="utf-8"?>
<Project ToolsVersion="4.0" xmlns="http://schemas.microsoft.com/developer/msbuild/2003">
  <ItemGroup>
    <Filter Include="Source Files">
      <UniqueIdentifier>{4FC737F1-C7A5-4376-A066-2A32D752A2FF}</UniqueIdentifier>
      <Extensions>cpp;c;cc;cxx;def;odl;idl;hpj;bat;asm;asmx</Extensions>
    </Filter>
    <Filter Include="Header Files">
      <UniqueIdentifier>{93995380-89BD-4b04-88EB-625FBE52EBFB}</UniqueIdentifier>
      <Extensions>h;hh;hpp;hxx;hm;inl;inc;ipp;xsd</Extensions>
    </Filter>
    <Filter Include="Resource Files">
      <UniqueIdentifier>{67DA6AB6-F800-4c08-8B7A-83BB121AAD01}</UniqueIdentifier>
      <Extensions>rc;ico;cur;bmp;dlg;rc2;rct;bin;rgs;gif;jpg;jpeg;jpe;resx;tiff;tif;png;wav;mfcribbon-ms</Extensions>
    </Filter>
  </ItemGroup>
  <ItemGroup>
    <ClInclude Include="..\..\icu\include\unicode\bytestream.h">
      <Filter>Header Files</Filter>
    </ClInclude>
    <ClInclude Include="..\..\icu\include\unicode\char16ptr.h">
      <Filter>Header Files</Filter>
    </ClInclude>
    <ClInclude Include="..\..\icu\include\unicode\localpointer.h">
      <Filter>Header Files</Filter>
    </ClInclude>
    <ClInclude Include="..\..\icu\include\unicode\platform.h">
      <Filter>Header Files</Filter>
    </ClInclude>
    <ClInclude Include="..\..\icu\include\unicode\ptypes.h">
      <Filter>Header Files</Filter>
    </ClInclude>
    <ClInclude Include="..\..\icu\include\unicode\putil.h">
      <Filter>Header Files</Filter>
    </ClInclude>
    <ClInclude Include="..\..\icu\include\unicode\rep.h">
      <Filter>Header Files</Filter>
    </ClInclude>
    <ClInclude Include="..\..\icu\include\unicode\std_string.h">
      <Filter>Header Files</Filter>
    </ClInclude>
    <ClInclude Include="..\..\icu\include\unicode\stringoptions.h">
      <Filter>Header Files</Filter>
    </ClInclude>
    <ClInclude Include="..\..\icu\include\unicode\stringpiece.h">
      <Filter>Header Files</Filter>
    </ClInclude>
    <ClInclude Include="..\..\icu\include\unicode\ubidi.h">
      <Filter>Header Files</Filter>
    </ClInclude>
    <ClInclude Include="..\..\icu\include\unicode\uchar.h">
      <Filter>Header Files</Filter>
    </ClInclude>
    <ClInclude Include="..\..\icu\include\unicode\uclean.h">
      <Filter>Header Files</Filter>
    </ClInclude>
    <ClInclude Include="..\..\icu\include\unicode\uconfig.h">
      <Filter>Header Files</Filter>
    </ClInclude>
    <ClInclude Include="..\..\icu\include\unicode\udata.h">
      <Filter>Header Files</Filter>
    </ClInclude>
    <ClInclude Include="..\..\icu\include\unicode\uiter.h">
      <Filter>Header Files</Filter>
    </ClInclude>
    <ClInclude Include="..\..\icu\include\unicode\umachine.h">
      <Filter>Header Files</Filter>
    </ClInclude>
    <ClInclude Include="..\..\icu\include\unicode\unistr.h">
      <Filter>Header Files</Filter>
    </ClInclude>
    <ClInclude Include="..\..\icu\include\unicode\uobject.h">
      <Filter>Header Files</Filter>
    </ClInclude>
    <ClInclude Include="..\..\icu\include\unicode\urename.h">
      <Filter>Header Files</Filter>
    </ClInclude>
    <ClInclude Include="..\..\icu\include\unicode\uscript.h">
      <Filter>Header Files</Filter>
    </ClInclude>
    <ClInclude Include="..\..\icu\include\unicode\uset.h">
      <Filter>Header Files</Filter>
    </ClInclude>
    <ClInclude Include="..\..\icu\include\unicode\ushape.h">
      <Filter>Header Files</Filter>
    </ClInclude>
    <ClInclude Include="..\..\icu\include\unicode\ustring.h">
      <Filter>Header Files</Filter>
    </ClInclude>
    <ClInclude Include="..\..\icu\include\unicode\utf.h">
      <Filter>Header Files</Filter>
    </ClInclude>
    <ClInclude Include="..\..\icu\include\unicode\utf_old.h">
      <Filter>Header Files</Filter>
    </ClInclude>
    <ClInclude Include="..\..\icu\include\unicode\utf8.h">
      <Filter>Header Files</Filter>
    </ClInclude>
    <ClInclude Include="..\..\icu\include\unicode\utf16.h">
      <Filter>Header Files</Filter>
    </ClInclude>
    <ClInclude Include="..\..\icu\include\unicode\utypes.h">
      <Filter>Header Files</Filter>
    </ClInclude>
    <ClInclude Include="..\..\icu\include\unicode\uvernum.h">
      <Filter>Header Files</Filter>
    </ClInclude>
    <ClInclude Include="..\..\icu\include\unicode\uversion.h">
      <Filter>Header Files</Filter>
    </ClInclude>
    <ClInclude Include="..\..\icu\src\cmemory.h">
      <Filter>Source Files</Filter>
    </ClInclude>
    <ClInclude Include="..\..\icu\src\cstring.h">
      <Filter>Source Files</Filter>
    </ClInclude>
    <ClInclude Include="..\..\icu\src\cwchar.h">
      <Filter>Source Files</Filter>
    </ClInclude>
    <ClInclude Include="..\..\icu\src\mutex.h">
      <Filter>Source Files</Filter>
    </ClInclude>
    <ClInclude Include="..\..\icu\src\putilimp.h">
      <Filter>Source Files</Filter>
    </ClInclude>
    <ClInclude Include="..\..\icu\src\uassert.h">
      <Filter>Source Files</Filter>
    </ClInclude>
    <ClInclude Include="..\..\icu\src\ubidi_props.h">
      <Filter>Source Files</Filter>
    </ClInclude>
    <ClInclude Include="..\..\icu\src\ubidi_props_data.h">
      <Filter>Source Files</Filter>
    </ClInclude>
    <ClInclude Include="..\..\icu\src\ubidiimp.h">
      <Filter>Source Files</Filter>
    </ClInclude>
    <ClInclude Include="..\..\icu\src\uchar_props_data.h">
      <Filter>Source Files</Filter>
    </ClInclude>
    <ClInclude Include="..\..\icu\src\ucln.h">
      <Filter>Source Files</Filter>
    </ClInclude>
    <ClInclude Include="..\..\icu\src\ucln_cmn.h">
      <Filter>Source Files</Filter>
    </ClInclude>
    <ClInclude Include="..\..\icu\src\ucmndata.h">
      <Filter>Source Files</Filter>
    </ClInclude>
    <ClInclude Include="..\..\icu\src\udatamem.h">
      <Filter>Source Files</Filter>
    </ClInclude>
    <ClInclude Include="..\..\icu\src\udataswp.h">
      <Filter>Source Files</Filter>
    </ClInclude>
    <ClInclude Include="..\..\icu\src\uinvchar.h">
      <Filter>Source Files</Filter>
    </ClInclude>
    <ClInclude Include="..\..\icu\src\umapfile.h">
      <Filter>Source Files</Filter>
    </ClInclude>
    <ClInclude Include="..\..\icu\src\umutex.h">
      <Filter>Source Files</Filter>
    </ClInclude>
    <ClInclude Include="..\..\icu\src\uprops.h">
      <Filter>Source Files</Filter>
    </ClInclude>
    <ClInclude Include="..\..\icu\src\uset_imp.h">
      <Filter>Source Files</Filter>
    </ClInclude>
    <ClInclude Include="..\..\icu\src\ustr_imp.h">
      <Filter>Source Files</Filter>
    </ClInclude>
    <ClInclude Include="..\..\icu\src\utrie2.h">
      <Filter>Source Files</Filter>
    </ClInclude>
    <ClInclude Include="..\..\icu\src\utrie2_impl.h">
      <Filter>Source Files</Filter>
    </ClInclude>
  </ItemGroup>
  <ItemGroup>
    <ClCompile Include="..\..\icu\src\cmemory.cpp">
      <Filter>Source Files</Filter>
    </ClCompile>
    <ClCompile Include="..\..\icu\src\cstring.cpp">
      <Filter>Source Files</Filter>
    </ClCompile>
    <ClCompile Include="..\..\icu\src\ubidi.cpp">
      <Filter>Source Files</Filter>
    </ClCompile>
    <ClCompile Include="..\..\icu\src\ubidi_props.cpp">
      <Filter>Source Files</Filter>
    </ClCompile>
    <ClCompile Include="..\..\icu\src\ubidiln.cpp">
      <Filter>Source Files</Filter>
    </ClCompile>
    <ClCompile Include="..\..\icu\src\ubidiwrt.cpp">
      <Filter>Source Files</Filter>
    </ClCompile>
    <ClCompile Include="..\..\icu\src\uchar.cpp">
      <Filter>Source Files</Filter>
    </ClCompile>
    <ClCompile Include="..\..\icu\src\udataswp.cpp">
      <Filter>Source Files</Filter>
    </ClCompile>
    <ClCompile Include="..\..\icu\src\uinvchar.cpp">
      <Filter>Source Files</Filter>
    </ClCompile>
    <ClCompile Include="..\..\icu\src\umath.cpp">
      <Filter>Source Files</Filter>
    </ClCompile>
    <ClCompile Include="..\..\icu\src\ushape.cpp">
      <Filter>Source Files</Filter>
    </ClCompile>
    <ClCompile Include="..\..\icu\src\ustring.cpp">
      <Filter>Source Files</Filter>
    </ClCompile>
    <ClCompile Include="..\..\icu\src\utf_impl.cpp">
      <Filter>Source Files</Filter>
    </ClCompile>
    <ClCompile Include="..\..\icu\src\utrie2.cpp">
      <Filter>Source Files</Filter>
    </ClCompile>
    <ClCompile Include="..\..\icu\src\utypes.cpp">
      <Filter>Source Files</Filter>
    </ClCompile>
  </ItemGroup>
</Project>