
Microsoft Visual Studio Solution File, Format Version 12.00
# Visual Studio 15
VisualStudioVersion = 15.0.28307.852
MinimumVisualStudioVersion = 10.0.40219.1
Project("{8BC9CEB8-8B4A-11D0-8D11-00A0C91BC942}") = "sqlite", "sqlite\sqlite.vcxproj", "{5C8860A3-2621-4B9C-A838-62F459FA542F}"
EndProject
Project("{8BC9CEB8-8B4A-11D0-8D11-00A0C91BC942}") = "nunicode", "nunicode\nunicode.vcxproj", "{DAE09392-3FF7-4C03-9DB7-104D19C2C386}"
EndProject
Project("{8BC9CEB8-8B4A-11D0-8D11-00A0C91BC942}") = "icu", "icu\icu.vcxproj", "{5CA6C4C6-E61E-455C-870A-D2BE308E94BE}"
EndProject
Project("{8BC9CEB8-8B4A-11D0-8D11-00A0C91BC942}") = "libuv", "libuv\libuv.vcxproj", "{33066374-88CB-CB8D-15DA-61032886329A}"
EndProject
Project("{8BC9CEB8-8B4A-11D0-8D11-00A0C91BC942}") = "mbgl-glfw", "mbgl-glfw\mbgl-glfw.vcxproj", "{39F898D8-D169-4ACB-8B29-758ECC89BBD0}"
	ProjectSection(ProjectDependencies) = postProject
		{69958C01-BF97-4385-8548-F238ABA369ED} = {69958C01-BF97-4385-8548-F238ABA369ED}
		{037BC83C-6E0B-4F2A-A023-4DCB4283150F} = {037BC83C-6E0B-4F2A-A023-4DCB4283150F}
		{33066374-88CB-CB8D-15DA-61032886329A} = {33066374-88CB-CB8D-15DA-61032886329A}
		{DAE09392-3FF7-4C03-9DB7-104D19C2C386} = {DAE09392-3FF7-4C03-9DB7-104D19C2C386}
		{5C8860A3-2621-4B9C-A838-62F459FA542F} = {5C8860A3-2621-4B9C-A838-62F459FA542F}
		{5CA6C4C6-E61E-455C-870A-D2BE308E94BE} = {5CA6C4C6-E61E-455C-870A-D2BE308E94BE}
		{7C55ECCF-F0A4-448E-B92E-03DFAB6EE95D} = {7C55ECCF-F0A4-448E-B92E-03DFAB6EE95D}
		{717FF6E6-F272-48A7-9C1C-B66940C87F02} = {717FF6E6-F272-48A7-9C1C-B66940C87F02}
	EndProjectSection
EndProject
Project("{8BC9CEB8-8B4A-11D0-8D11-00A0C91BC942}") = "mbgl-filesource", "mbgl-filesource\mbgl-filesource.vcxproj", "{037BC83C-6E0B-4F2A-A023-4DCB4283150F}"
EndProject
Project("{8BC9CEB8-8B4A-11D0-8D11-00A0C91BC942}") = "mbgl-loop-uv", "mbgl-loop-uv\mbgl-loop-uv.vcxproj", "{7C55ECCF-F0A4-448E-B92E-03DFAB6EE95D}"
EndProject
Project("{8BC9CEB8-8B4A-11D0-8D11-00A0C91BC942}") = "mbgl-core", "mbgl-core\mbgl-core.vcxproj", "{69958C01-BF97-4385-8548-F238ABA369ED}"
EndProject
Project("{8BC9CEB8-8B4A-11D0-8D11-00A0C91BC942}") = "platform", "platform\platform.vcxproj", "{717FF6E6-F272-48A7-9C1C-B66940C87F02}"
EndProject
Project("{8BC9CEB8-8B4A-11D0-8D11-00A0C91BC942}") = "mbgl-test", "mbgl-test\mbgl-test.vcxproj", "{965CADB6-26EC-451B-8DAC-D55DED46026D}"
EndProject
Project("{8BC9CEB8-8B4A-11D0-8D11-00A0C91BC942}") = "glfw", "glfw\glfw.vcxproj", "{8469E875-A974-47A9-B4A4-2325EE73D670}"
EndProject
Global
	GlobalSection(SolutionConfigurationPlatforms) = preSolution
		Debug|x64 = Debug|x64
		Debug|x86 = Debug|x86
		Release|x64 = Release|x64
		Release|x86 = Release|x86
	EndGlobalSection
	GlobalSection(ProjectConfigurationPlatforms) = postSolution
		{5C8860A3-2621-4B9C-A838-62F459FA542F}.Debug|x64.ActiveCfg = Debug|x64
		{5C8860A3-2621-4B9C-A838-62F459FA542F}.Debug|x64.Build.0 = Debug|x64
		{5C8860A3-2621-4B9C-A838-62F459FA542F}.Debug|x86.ActiveCfg = Debug|Win32
		{5C8860A3-2621-4B9C-A838-62F459FA542F}.Debug|x86.Build.0 = Debug|Win32
		{5C8860A3-2621-4B9C-A838-62F459FA542F}.Release|x64.ActiveCfg = Release|x64
		{5C8860A3-2621-4B9C-A838-62F459FA542F}.Release|x64.Build.0 = Release|x64
		{5C8860A3-2621-4B9C-A838-62F459FA542F}.Release|x86.ActiveCfg = Release|Win32
		{5C8860A3-2621-4B9C-A838-62F459FA542F}.Release|x86.Build.0 = Release|Win32
		{DAE09392-3FF7-4C03-9DB7-104D19C2C386}.Debug|x64.ActiveCfg = Debug|x64
		{DAE09392-3FF7-4C03-9DB7-104D19C2C386}.Debug|x64.Build.0 = Debug|x64
		{DAE09392-3FF7-4C03-9DB7-104D19C2C386}.Debug|x86.ActiveCfg = Debug|Win32
		{DAE09392-3FF7-4C03-9DB7-104D19C2C386}.Debug|x86.Build.0 = Debug|Win32
		{DAE09392-3FF7-4C03-9DB7-104D19C2C386}.Release|x64.ActiveCfg = Release|x64
		{DAE09392-3FF7-4C03-9DB7-104D19C2C386}.Release|x64.Build.0 = Release|x64
		{DAE09392-3FF7-4C03-9DB7-104D19C2C386}.Release|x86.ActiveCfg = Release|Win32
		{DAE09392-3FF7-4C03-9DB7-104D19C2C386}.Release|x86.Build.0 = Release|Win32
		{5CA6C4C6-E61E-455C-870A-D2BE308E94BE}.Debug|x64.ActiveCfg = Debug|x64
		{5CA6C4C6-E61E-455C-870A-D2BE308E94BE}.Debug|x64.Build.0 = Debug|x64
		{5CA6C4C6-E61E-455C-870A-D2BE308E94BE}.Debug|x86.ActiveCfg = Debug|Win32
		{5CA6C4C6-E61E-455C-870A-D2BE308E94BE}.Debug|x86.Build.0 = Debug|Win32
		{5CA6C4C6-E61E-455C-870A-D2BE308E94BE}.Release|x64.ActiveCfg = Release|x64
		{5CA6C4C6-E61E-455C-870A-D2BE308E94BE}.Release|x64.Build.0 = Release|x64
		{5CA6C4C6-E61E-455C-870A-D2BE308E94BE}.Release|x86.ActiveCfg = Release|Win32
		{5CA6C4C6-E61E-455C-870A-D2BE308E94BE}.Release|x86.Build.0 = Release|Win32
		{33066374-88CB-CB8D-15DA-61032886329A}.Debug|x64.ActiveCfg = Debug|x64
		{33066374-88CB-CB8D-15DA-61032886329A}.Debug|x64.Build.0 = Debug|x64
		{33066374-88CB-CB8D-15DA-61032886329A}.Debug|x86.ActiveCfg = Debug|Win32
		{33066374-88CB-CB8D-15DA-61032886329A}.Debug|x86.Build.0 = Debug|Win32
		{33066374-88CB-CB8D-15DA-61032886329A}.Release|x64.ActiveCfg = Release|x64
		{33066374-88CB-CB8D-15DA-61032886329A}.Release|x64.Build.0 = Release|x64
		{33066374-88CB-CB8D-15DA-61032886329A}.Release|x86.ActiveCfg = Release|Win32
		{33066374-88CB-CB8D-15DA-61032886329A}.Release|x86.Build.0 = Release|Win32
		{39F898D8-D169-4ACB-8B29-758ECC89BBD0}.Debug|x64.ActiveCfg = Debug|x64
		{39F898D8-D169-4ACB-8B29-758ECC89BBD0}.Debug|x64.Build.0 = Debug|x64
		{39F898D8-D169-4ACB-8B29-758ECC89BBD0}.Debug|x86.ActiveCfg = Debug|Win32
		{39F898D8-D169-4ACB-8B29-758ECC89BBD0}.Debug|x86.Build.0 = Debug|Win32
		{39F898D8-D169-4ACB-8B29-758ECC89BBD0}.Release|x64.ActiveCfg = Release|x64
		{39F898D8-D169-4ACB-8B29-758ECC89BBD0}.Release|x64.Build.0 = Release|x64
		{39F898D8-D169-4ACB-8B29-758ECC89BBD0}.Release|x86.ActiveCfg = Release|Win32
		{39F898D8-D169-4ACB-8B29-758ECC89BBD0}.Release|x86.Build.0 = Release|Win32
		{037BC83C-6E0B-4F2A-A023-4DCB4283150F}.Debug|x64.ActiveCfg = Debug|x64
		{037BC83C-6E0B-4F2A-A023-4DCB4283150F}.Debug|x64.Build.0 = Debug|x64
		{037BC83C-6E0B-4F2A-A023-4DCB4283150F}.Debug|x86.ActiveCfg = Debug|Win32
		{037BC83C-6E0B-4F2A-A023-4DCB4283150F}.Debug|x86.Build.0 = Debug|Win32
		{037BC83C-6E0B-4F2A-A023-4DCB4283150F}.Release|x64.ActiveCfg = Release|x64
		{037BC83C-6E0B-4F2A-A023-4DCB4283150F}.Release|x64.Build.0 = Release|x64
		{037BC83C-6E0B-4F2A-A023-4DCB4283150F}.Release|x86.ActiveCfg = Release|Win32
		{037BC83C-6E0B-4F2A-A023-4DCB4283150F}.Release|x86.Build.0 = Release|Win32
		{7C55ECCF-F0A4-448E-B92E-03DFAB6EE95D}.Debug|x64.ActiveCfg = Debug|x64
		{7C55ECCF-F0A4-448E-B92E-03DFAB6EE95D}.Debug|x64.Build.0 = Debug|x64
		{7C55ECCF-F0A4-448E-B92E-03DFAB6EE95D}.Debug|x86.ActiveCfg = Debug|Win32
		{7C55ECCF-F0A4-448E-B92E-03DFAB6EE95D}.Debug|x86.Build.0 = Debug|Win32
		{7C55ECCF-F0A4-448E-B92E-03DFAB6EE95D}.Release|x64.ActiveCfg = Release|x64
		{7C55ECCF-F0A4-448E-B92E-03DFAB6EE95D}.Release|x64.Build.0 = Release|x64
		{7C55ECCF-F0A4-448E-B92E-03DFAB6EE95D}.Release|x86.ActiveCfg = Release|Win32
		{7C55ECCF-F0A4-448E-B92E-03DFAB6EE95D}.Release|x86.Build.0 = Release|Win32
		{69958C01-BF97-4385-8548-F238ABA369ED}.Debug|x64.ActiveCfg = Debug|x64
		{69958C01-BF97-4385-8548-F238ABA369ED}.Debug|x64.Build.0 = Debug|x64
		{69958C01-BF97-4385-8548-F238ABA369ED}.Debug|x86.ActiveCfg = Debug|Win32
		{69958C01-BF97-4385-8548-F238ABA369ED}.Debug|x86.Build.0 = Debug|Win32
		{69958C01-BF97-4385-8548-F238ABA369ED}.Release|x64.ActiveCfg = Release|x64
		{69958C01-BF97-4385-8548-F238ABA369ED}.Release|x64.Build.0 = Release|x64
		{69958C01-BF97-4385-8548-F238ABA369ED}.Release|x86.ActiveCfg = Release|Win32
		{69958C01-BF97-4385-8548-F238ABA369ED}.Release|x86.Build.0 = Release|Win32
		{717FF6E6-F272-48A7-9C1C-B66940C87F02}.Debug|x64.ActiveCfg = Debug|x64
		{717FF6E6-F272-48A7-9C1C-B66940C87F02}.Debug|x64.Build.0 = Debug|x64
		{717FF6E6-F272-48A7-9C1C-B66940C87F02}.Debug|x86.ActiveCfg = Debug|Win32
		{717FF6E6-F272-48A7-9C1C-B66940C87F02}.Debug|x86.Build.0 = Debug|Win32
		{717FF6E6-F272-48A7-9C1C-B66940C87F02}.Release|x64.ActiveCfg = Release|x64
		{717FF6E6-F272-48A7-9C1C-B66940C87F02}.Release|x64.Build.0 = Release|x64
		{717FF6E6-F272-48A7-9C1C-B66940C87F02}.Release|x86.ActiveCfg = Release|Win32
		{717FF6E6-F272-48A7-9C1C-B66940C87F02}.Release|x86.Build.0 = Release|Win32
		{965CADB6-26EC-451B-8DAC-D55DED46026D}.Debug|x64.ActiveCfg = Debug|x64
		{965CADB6-26EC-451B-8DAC-D55DED46026D}.Debug|x64.Build.0 = Debug|x64
		{965CADB6-26EC-451B-8DAC-D55DED46026D}.Debug|x86.ActiveCfg = Debug|Win32
		{965CADB6-26EC-451B-8DAC-D55DED46026D}.Debug|x86.Build.0 = Debug|Win32
		{965CADB6-26EC-451B-8DAC-D55DED46026D}.Release|x64.ActiveCfg = Release|x64
		{965CADB6-26EC-451B-8DAC-D55DED46026D}.Release|x64.Build.0 = Release|x64
		{965CADB6-26EC-451B-8DAC-D55DED46026D}.Release|x86.ActiveCfg = Release|Win32
		{965CADB6-26EC-451B-8DAC-D55DED46026D}.Release|x86.Build.0 = Release|Win32
		{8469E875-A974-47A9-B4A4-2325EE73D670}.Debug|x64.ActiveCfg = Debug|x64
		{8469E875-A974-47A9-B4A4-2325EE73D670}.Debug|x64.Build.0 = Debug|x64
		{8469E875-A974-47A9-B4A4-2325EE73D670}.Debug|x86.ActiveCfg = Debug|Win32
		{8469E875-A974-47A9-B4A4-2325EE73D670}.Debug|x86.Build.0 = Debug|Win32
		{8469E875-A974-47A9-B4A4-2325EE73D670}.Release|x64.ActiveCfg = Release|x64
		{8469E875-A974-47A9-B4A4-2325EE73D670}.Release|x64.Build.0 = Release|x64
		{8469E875-A974-47A9-B4A4-2325EE73D670}.Release|x86.ActiveCfg = Release|Win32
		{8469E875-A974-47A9-B4A4-2325EE73D670}.Release|x86.Build.0 = Release|Win32
	EndGlobalSection
	GlobalSection(SolutionProperties) = preSolution
		HideSolutionNode = FALSE
	EndGlobalSection
	GlobalSection(ExtensibilityGlobals) = postSolution
		SolutionGuid = {6258D57C-AF57-4014-83A4-0C1835EAE665}
	EndGlobalSection
EndGlobal
