<?xml version="1.0" encoding="utf-8"?>
<Project ToolsVersion="4.0" xmlns="http://schemas.microsoft.com/developer/msbuild/2003">
  <ItemGroup>
    <Filter Include="Source Files">
      <UniqueIdentifier>{4FC737F1-C7A5-4376-A066-2A32D752A2FF}</UniqueIdentifier>
      <Extensions>cpp;c;cc;cxx;def;odl;idl;hpj;bat;asm;asmx</Extensions>
    </Filter>
    <Filter Include="Header Files">
      <UniqueIdentifier>{93995380-89BD-4b04-88EB-625FBE52EBFB}</UniqueIdentifier>
      <Extensions>h;hh;hpp;hxx;hm;inl;inc;ipp;xsd</Extensions>
    </Filter>
    <Filter Include="Resource Files">
      <UniqueIdentifier>{67DA6AB6-F800-4c08-8B7A-83BB121AAD01}</UniqueIdentifier>
      <Extensions>rc;ico;cur;bmp;dlg;rc2;rct;bin;rgs;gif;jpg;jpeg;jpe;resx;tiff;tif;png;wav;mfcribbon-ms</Extensions>
    </Filter>
    <Filter Include="Source Files\gen">
      <UniqueIdentifier>{bd8bd8e3-e5d7-452b-a7a1-6072b8bf405a}</UniqueIdentifier>
    </Filter>
  </ItemGroup>
  <ItemGroup>
    <ClCompile Include="..\..\nunicode\src\libnu\ducet.c">
      <Filter>Source Files</Filter>
    </ClCompile>
    <ClCompile Include="..\..\nunicode\src\libnu\strcoll.c">
      <Filter>Source Files</Filter>
    </ClCompile>
    <ClCompile Include="..\..\nunicode\src\libnu\strings.c">
      <Filter>Source Files</Filter>
    </ClCompile>
    <ClCompile Include="..\..\nunicode\src\libnu\tolower.c">
      <Filter>Source Files</Filter>
    </ClCompile>
    <ClCompile Include="..\..\nunicode\src\libnu\tounaccent.c">
      <Filter>Source Files</Filter>
    </ClCompile>
    <ClCompile Include="..\..\nunicode\src\libnu\toupper.c">
      <Filter>Source Files</Filter>
    </ClCompile>
    <ClCompile Include="..\..\nunicode\src\libnu\utf8.c">
      <Filter>Source Files</Filter>
    </ClCompile>
    <ClCompile Include="..\..\nunicode\src\libnu\gen\_ducet_switch.c">
      <Filter>Source Files\gen</Filter>
    </ClCompile>
    <ClCompile Include="..\..\nunicode\src\libnu\gen\_tolower.c">
      <Filter>Source Files\gen</Filter>
    </ClCompile>
    <ClCompile Include="..\..\nunicode\src\libnu\gen\_tounaccent.c">
      <Filter>Source Files\gen</Filter>
    </ClCompile>
    <ClCompile Include="..\..\nunicode\src\libnu\gen\_toupper.c">
      <Filter>Source Files\gen</Filter>
    </ClCompile>
  </ItemGroup>
  <ItemGroup>
    <ClInclude Include="..\..\nunicode\include\libnu\casemap.h">
      <Filter>Header Files</Filter>
    </ClInclude>
    <ClInclude Include="..\..\nunicode\include\libnu\casemap_internal.h">
      <Filter>Header Files</Filter>
    </ClInclude>
    <ClInclude Include="..\..\nunicode\include\libnu\config.h">
      <Filter>Header Files</Filter>
    </ClInclude>
    <ClInclude Include="..\..\nunicode\include\libnu\defines.h">
      <Filter>Header Files</Filter>
    </ClInclude>
    <ClInclude Include="..\..\nunicode\include\libnu\ducet.h">
      <Filter>Header Files</Filter>
    </ClInclude>
    <ClInclude Include="..\..\nunicode\include\libnu\mph.h">
      <Filter>Header Files</Filter>
    </ClInclude>
    <ClInclude Include="..\..\nunicode\include\libnu\strcoll.h">
      <Filter>Header Files</Filter>
    </ClInclude>
    <ClInclude Include="..\..\nunicode\include\libnu\strcoll_internal.h">
      <Filter>Header Files</Filter>
    </ClInclude>
    <ClInclude Include="..\..\nunicode\include\libnu\strings.h">
      <Filter>Header Files</Filter>
    </ClInclude>
    <ClInclude Include="..\..\nunicode\include\libnu\udb.h">
      <Filter>Header Files</Filter>
    </ClInclude>
    <ClInclude Include="..\..\nunicode\include\libnu\unaccent.h">
      <Filter>Header Files</Filter>
    </ClInclude>
    <ClInclude Include="..\..\nunicode\include\libnu\utf8.h">
      <Filter>Header Files</Filter>
    </ClInclude>
    <ClInclude Include="..\..\nunicode\include\libnu\utf8_internal.h">
      <Filter>Header Files</Filter>
    </ClInclude>
  </ItemGroup>
</Project>